
Microsoft Visual Studio Solution File, Format Version 12.00
# Visual Studio Version 17
VisualStudioVersion = 17.11.35222.181
MinimumVisualStudioVersion = 10.0.40219.1
Project("{FAE04EC0-301F-11D3-BF4B-00C04F79EFBC}") = "ERP-001", "ERP-001.csproj", "{A00CAC01-F7A9-465B-AD00-7009273D7557}"
EndProject
Global
	GlobalSection(SolutionConfigurationPlatforms) = preSolution
		Debug|Any CPU = Debug|Any CPU
		Release|Any CPU = Release|Any CPU
	EndGlobalSection
	GlobalSection(ProjectConfigurationPlatforms) = postSolution
		{A00CAC01-F7A9-465B-AD00-7009273D7557}.Debug|Any CPU.ActiveCfg = Debug|Any CPU
		{A00CAC01-F7A9-465B-AD00-7009273D7557}.Debug|Any CPU.Build.0 = Debug|Any CPU
		{A00CAC01-F7A9-465B-AD00-7009273D7557}.Release|Any CPU.ActiveCfg = Release|Any CPU
		{A00CAC01-F7A9-465B-AD00-7009273D7557}.Release|Any CPU.Build.0 = Release|Any CPU
	EndGlobalSection
	GlobalSection(SolutionProperties) = preSolution
		HideSolutionNode = FALSE
	EndGlobalSection
	GlobalSection(ExtensibilityGlobals) = postSolution
		SolutionGuid = {B9B01896-CF29-4290-9B3C-1764C65E8934}
	EndGlobalSection
EndGlobal
